
Microsoft Visual Studio Solution File, Format Version 12.00
# Visual Studio Version 16
VisualStudioVersion = 16.0.30611.23
MinimumVisualStudioVersion = 10.0.40219.1
Project("{FAE04EC0-301F-11D3-BF4B-00C04F79EFBC}") = "MechanicAPI", "MechanicAPI\MechanicAPI.csproj", "{06132FFB-704A-4071-954D-72F68D64DC81}"
EndProject
Project("{FAE04EC0-301F-11D3-BF4B-00C04F79EFBC}") = "ServiceBookingAPI", "ServiceBookingAPI\ServiceBookingAPI.csproj", "{DFF18B7C-696D-4C0E-BA2D-422BB4791D9D}"
EndProject
Project("{FAE04EC0-301F-11D3-BF4B-00C04F79EFBC}") = "Web.HttpAggregator", "Web.HttpAggregator\Web.HttpAggregator.csproj", "{FFAC86E7-15FA-4C53-A968-089C13848474}"
EndProject
Global
	GlobalSection(SolutionConfigurationPlatforms) = preSolution
		Debug|Any CPU = Debug|Any CPU
		Release|Any CPU = Release|Any CPU
	EndGlobalSection
	GlobalSection(ProjectConfigurationPlatforms) = postSolution
		{06132FFB-704A-4071-954D-72F68D64DC81}.Debug|Any CPU.ActiveCfg = Debug|Any CPU
		{06132FFB-704A-4071-954D-72F68D64DC81}.Debug|Any CPU.Build.0 = Debug|Any CPU
		{06132FFB-704A-4071-954D-72F68D64DC81}.Release|Any CPU.ActiveCfg = Release|Any CPU
		{06132FFB-704A-4071-954D-72F68D64DC81}.Release|Any CPU.Build.0 = Release|Any CPU
		{DFF18B7C-696D-4C0E-BA2D-422BB4791D9D}.Debug|Any CPU.ActiveCfg = Debug|Any CPU
		{DFF18B7C-696D-4C0E-BA2D-422BB4791D9D}.Debug|Any CPU.Build.0 = Debug|Any CPU
		{DFF18B7C-696D-4C0E-BA2D-422BB4791D9D}.Release|Any CPU.ActiveCfg = Release|Any CPU
		{DFF18B7C-696D-4C0E-BA2D-422BB4791D9D}.Release|Any CPU.Build.0 = Release|Any CPU
		{FFAC86E7-15FA-4C53-A968-089C13848474}.Debug|Any CPU.ActiveCfg = Debug|Any CPU
		{FFAC86E7-15FA-4C53-A968-089C13848474}.Debug|Any CPU.Build.0 = Debug|Any CPU
		{FFAC86E7-15FA-4C53-A968-089C13848474}.Release|Any CPU.ActiveCfg = Release|Any CPU
		{FFAC86E7-15FA-4C53-A968-089C13848474}.Release|Any CPU.Build.0 = Release|Any CPU
	EndGlobalSection
	GlobalSection(SolutionProperties) = preSolution
		HideSolutionNode = FALSE
	EndGlobalSection
	GlobalSection(ExtensibilityGlobals) = postSolution
		SolutionGuid = {E5ABFCB7-069B-49A8-967B-6DD940B9EA5C}
	EndGlobalSection
EndGlobal
