
Microsoft Visual Studio Solution File, Format Version 12.00
# Visual Studio Version 16
VisualStudioVersion = 16.0.30611.23
MinimumVisualStudioVersion = 10.0.40219.1
Project("{FAE04EC0-301F-11D3-BF4B-00C04F79EFBC}") = "MVCModelDemo", "MVCModelDemo.csproj", "{20C3F72F-9B55-49E8-A323-046C429B04D2}"
EndProject
Global
	GlobalSection(SolutionConfigurationPlatforms) = preSolution
		Debug|Any CPU = Debug|Any CPU
		Release|Any CPU = Release|Any CPU
	EndGlobalSection
	GlobalSection(ProjectConfigurationPlatforms) = postSolution
		{20C3F72F-9B55-49E8-A323-046C429B04D2}.Debug|Any CPU.ActiveCfg = Debug|Any CPU
		{20C3F72F-9B55-49E8-A323-046C429B04D2}.Debug|Any CPU.Build.0 = Debug|Any CPU
		{20C3F72F-9B55-49E8-A323-046C429B04D2}.Release|Any CPU.ActiveCfg = Release|Any CPU
		{20C3F72F-9B55-49E8-A323-046C429B04D2}.Release|Any CPU.Build.0 = Release|Any CPU
	EndGlobalSection
	GlobalSection(SolutionProperties) = preSolution
		HideSolutionNode = FALSE
	EndGlobalSection
	GlobalSection(ExtensibilityGlobals) = postSolution
		SolutionGuid = {F77A35B4-7CC4-425C-AD81-F276F11B6077}
	EndGlobalSection
EndGlobal
