
Microsoft Visual Studio Solution File, Format Version 12.00
# Visual Studio Version 16
VisualStudioVersion = 16.0.31019.35
MinimumVisualStudioVersion = 10.0.40219.1
Project("{FAE04EC0-301F-11D3-BF4B-00C04F79EFBC}") = "Testing Final Assignment 2", "Testing Final Assignment 2.csproj", "{A48FB210-0630-4D01-A601-9F2DB0FFA5C7}"
EndProject
Project("{FAE04EC0-301F-11D3-BF4B-00C04F79EFBC}") = "Tests", "..\Tests\Tests.csproj", "{8CD8B678-9C39-4907-95E5-AECF5072659C}"
EndProject
Global
	GlobalSection(SolutionConfigurationPlatforms) = preSolution
		Debug|Any CPU = Debug|Any CPU
		Release|Any CPU = Release|Any CPU
	EndGlobalSection
	GlobalSection(ProjectConfigurationPlatforms) = postSolution
		{A48FB210-0630-4D01-A601-9F2DB0FFA5C7}.Debug|Any CPU.ActiveCfg = Debug|Any CPU
		{A48FB210-0630-4D01-A601-9F2DB0FFA5C7}.Debug|Any CPU.Build.0 = Debug|Any CPU
		{A48FB210-0630-4D01-A601-9F2DB0FFA5C7}.Release|Any CPU.ActiveCfg = Release|Any CPU
		{A48FB210-0630-4D01-A601-9F2DB0FFA5C7}.Release|Any CPU.Build.0 = Release|Any CPU
		{8CD8B678-9C39-4907-95E5-AECF5072659C}.Debug|Any CPU.ActiveCfg = Debug|Any CPU
		{8CD8B678-9C39-4907-95E5-AECF5072659C}.Debug|Any CPU.Build.0 = Debug|Any CPU
		{8CD8B678-9C39-4907-95E5-AECF5072659C}.Release|Any CPU.ActiveCfg = Release|Any CPU
		{8CD8B678-9C39-4907-95E5-AECF5072659C}.Release|Any CPU.Build.0 = Release|Any CPU
	EndGlobalSection
	GlobalSection(SolutionProperties) = preSolution
		HideSolutionNode = FALSE
	EndGlobalSection
	GlobalSection(ExtensibilityGlobals) = postSolution
		SolutionGuid = {202524AC-04EE-493A-8103-894305D0686B}
	EndGlobalSection
EndGlobal
